
Microsoft Visual Studio Solution File, Format Version 12.00
# Visual Studio Version 17
VisualStudioVersion = 17.4.33213.308
MinimumVisualStudioVersion = 10.0.40219.1
Project("{9A19103F-16F7-4668-BE54-9A1E7A4F7556}") = "NicoRealSolution", "NicoRealSolution\NicoRealSolution.csproj", "{7CF85AEF-AE3F-4B6D-B78B-781CE5074C42}"
EndProject
Project("{FAE04EC0-301F-11D3-BF4B-00C04F79EFBC}") = "DTOs", "DTOs\DTOs.csproj", "{BFB4A4ED-1C71-4A42-9F66-792DDDCC0497}"
EndProject
Global
	GlobalSection(SolutionConfigurationPlatforms) = preSolution
		Debug|Any CPU = Debug|Any CPU
		Release|Any CPU = Release|Any CPU
	EndGlobalSection
	GlobalSection(ProjectConfigurationPlatforms) = postSolution
		{7CF85AEF-AE3F-4B6D-B78B-781CE5074C42}.Debug|Any CPU.ActiveCfg = Debug|Any CPU
		{7CF85AEF-AE3F-4B6D-B78B-781CE5074C42}.Debug|Any CPU.Build.0 = Debug|Any CPU
		{7CF85AEF-AE3F-4B6D-B78B-781CE5074C42}.Release|Any CPU.ActiveCfg = Release|Any CPU
		{7CF85AEF-AE3F-4B6D-B78B-781CE5074C42}.Release|Any CPU.Build.0 = Release|Any CPU
		{BFB4A4ED-1C71-4A42-9F66-792DDDCC0497}.Debug|Any CPU.ActiveCfg = Debug|Any CPU
		{BFB4A4ED-1C71-4A42-9F66-792DDDCC0497}.Debug|Any CPU.Build.0 = Debug|Any CPU
		{BFB4A4ED-1C71-4A42-9F66-792DDDCC0497}.Release|Any CPU.ActiveCfg = Release|Any CPU
		{BFB4A4ED-1C71-4A42-9F66-792DDDCC0497}.Release|Any CPU.Build.0 = Release|Any CPU
	EndGlobalSection
	GlobalSection(SolutionProperties) = preSolution
		HideSolutionNode = FALSE
	EndGlobalSection
	GlobalSection(ExtensibilityGlobals) = postSolution
		SolutionGuid = {361262FB-B88E-4E6D-8050-0FAAD0118B67}
	EndGlobalSection
EndGlobal
